
Microsoft Visual Studio Solution File, Format Version 12.00
Project("{FAE04EC0-301F-11D3-BF4B-00C04F79EFBC}") = "EventManager", "EventManager\EventManager.csproj", "{F7333B9F-0AFA-40F3-9186-7E85D502FA10}"
EndProject
Global
	GlobalSection(SolutionConfigurationPlatforms) = preSolution
		Debug|Any CPU = Debug|Any CPU
		Release|Any CPU = Release|Any CPU
	EndGlobalSection
	GlobalSection(ProjectConfigurationPlatforms) = postSolution
		{F7333B9F-0AFA-40F3-9186-7E85D502FA10}.Debug|Any CPU.ActiveCfg = Debug|Any CPU
		{F7333B9F-0AFA-40F3-9186-7E85D502FA10}.Debug|Any CPU.Build.0 = Debug|Any CPU
		{F7333B9F-0AFA-40F3-9186-7E85D502FA10}.Release|Any CPU.ActiveCfg = Release|Any CPU
		{F7333B9F-0AFA-40F3-9186-7E85D502FA10}.Release|Any CPU.Build.0 = Release|Any CPU
	EndGlobalSection
EndGlobal
